
Microsoft Visual Studio Solution File, Format Version 12.00
# Visual Studio Version 16
VisualStudioVersion = 16.0.29609.76
MinimumVisualStudioVersion = 10.0.40219.1
Project("{FAE04EC0-301F-11D3-BF4B-00C04F79EFBC}") = "ToDoApplication", "ToDoApplication\ToDoApplication.csproj", "{E670F81F-D1C9-4094-A86A-6FDFC0FE3F07}"
EndProject
Global
	GlobalSection(SolutionConfigurationPlatforms) = preSolution
		Debug|Any CPU = Debug|Any CPU
		Release|Any CPU = Release|Any CPU
	EndGlobalSection
	GlobalSection(ProjectConfigurationPlatforms) = postSolution
		{E670F81F-D1C9-4094-A86A-6FDFC0FE3F07}.Debug|Any CPU.ActiveCfg = Debug|Any CPU
		{E670F81F-D1C9-4094-A86A-6FDFC0FE3F07}.Debug|Any CPU.Build.0 = Debug|Any CPU
		{E670F81F-D1C9-4094-A86A-6FDFC0FE3F07}.Release|Any CPU.ActiveCfg = Release|Any CPU
		{E670F81F-D1C9-4094-A86A-6FDFC0FE3F07}.Release|Any CPU.Build.0 = Release|Any CPU
	EndGlobalSection
	GlobalSection(SolutionProperties) = preSolution
		HideSolutionNode = FALSE
	EndGlobalSection
	GlobalSection(ExtensibilityGlobals) = postSolution
		SolutionGuid = {BC051805-A477-4A72-AE51-C9C830975AC9}
	EndGlobalSection
EndGlobal
